
Microsoft Visual Studio Solution File, Format Version 12.00
# Visual Studio Version 17
VisualStudioVersion = 17.5.002.0
MinimumVisualStudioVersion = 10.0.40219.1
Project("{9A19103F-16F7-4668-BE54-9A1E7A4F7556}") = "program003c-vykreslovani-obrazcu", "program003c-vykreslovani-obrazcu.csproj", "{C6A64BE5-62EC-4D91-9BBA-2B319CC95ADD}"
EndProject
Global
	GlobalSection(SolutionConfigurationPlatforms) = preSolution
		Debug|Any CPU = Debug|Any CPU
		Release|Any CPU = Release|Any CPU
	EndGlobalSection
	GlobalSection(ProjectConfigurationPlatforms) = postSolution
		{C6A64BE5-62EC-4D91-9BBA-2B319CC95ADD}.Debug|Any CPU.ActiveCfg = Debug|Any CPU
		{C6A64BE5-62EC-4D91-9BBA-2B319CC95ADD}.Debug|Any CPU.Build.0 = Debug|Any CPU
		{C6A64BE5-62EC-4D91-9BBA-2B319CC95ADD}.Release|Any CPU.ActiveCfg = Release|Any CPU
		{C6A64BE5-62EC-4D91-9BBA-2B319CC95ADD}.Release|Any CPU.Build.0 = Release|Any CPU
	EndGlobalSection
	GlobalSection(SolutionProperties) = preSolution
		HideSolutionNode = FALSE
	EndGlobalSection
	GlobalSection(ExtensibilityGlobals) = postSolution
		SolutionGuid = {6CF83B2F-35E1-4D3D-918E-E35E01B8A3FE}
	EndGlobalSection
EndGlobal
