
Microsoft Visual Studio Solution File, Format Version 12.00
# Visual Studio Version 17
VisualStudioVersion = 17.5.002.0
MinimumVisualStudioVersion = 10.0.40219.1
Project("{9A19103F-16F7-4668-BE54-9A1E7A4F7556}") = "program009-array-reveresing", "program009-array-reveresing.csproj", "{47D24001-EC67-4E53-BA81-8F8649A0D962}"
EndProject
Global
	GlobalSection(SolutionConfigurationPlatforms) = preSolution
		Debug|Any CPU = Debug|Any CPU
		Release|Any CPU = Release|Any CPU
	EndGlobalSection
	GlobalSection(ProjectConfigurationPlatforms) = postSolution
		{47D24001-EC67-4E53-BA81-8F8649A0D962}.Debug|Any CPU.ActiveCfg = Debug|Any CPU
		{47D24001-EC67-4E53-BA81-8F8649A0D962}.Debug|Any CPU.Build.0 = Debug|Any CPU
		{47D24001-EC67-4E53-BA81-8F8649A0D962}.Release|Any CPU.ActiveCfg = Release|Any CPU
		{47D24001-EC67-4E53-BA81-8F8649A0D962}.Release|Any CPU.Build.0 = Release|Any CPU
	EndGlobalSection
	GlobalSection(SolutionProperties) = preSolution
		HideSolutionNode = FALSE
	EndGlobalSection
	GlobalSection(ExtensibilityGlobals) = postSolution
		SolutionGuid = {8AD48DC8-44E2-44D1-BC16-D577858EABAB}
	EndGlobalSection
EndGlobal
