
Microsoft Visual Studio Solution File, Format Version 12.00
# Visual Studio Version 17
VisualStudioVersion = 17.5.002.0
MinimumVisualStudioVersion = 10.0.40219.1
Project("{9A19103F-16F7-4668-BE54-9A1E7A4F7556}") = "program002a-soucet-cifer", "program002a-soucet-cifer.csproj", "{14A1A5D7-FD91-4AC2-A11F-55AAEBCC228E}"
EndProject
Global
	GlobalSection(SolutionConfigurationPlatforms) = preSolution
		Debug|Any CPU = Debug|Any CPU
		Release|Any CPU = Release|Any CPU
	EndGlobalSection
	GlobalSection(ProjectConfigurationPlatforms) = postSolution
		{14A1A5D7-FD91-4AC2-A11F-55AAEBCC228E}.Debug|Any CPU.ActiveCfg = Debug|Any CPU
		{14A1A5D7-FD91-4AC2-A11F-55AAEBCC228E}.Debug|Any CPU.Build.0 = Debug|Any CPU
		{14A1A5D7-FD91-4AC2-A11F-55AAEBCC228E}.Release|Any CPU.ActiveCfg = Release|Any CPU
		{14A1A5D7-FD91-4AC2-A11F-55AAEBCC228E}.Release|Any CPU.Build.0 = Release|Any CPU
	EndGlobalSection
	GlobalSection(SolutionProperties) = preSolution
		HideSolutionNode = FALSE
	EndGlobalSection
	GlobalSection(ExtensibilityGlobals) = postSolution
		SolutionGuid = {7297EDA5-ACFD-40BC-B659-4D6AA0EF4F4F}
	EndGlobalSection
EndGlobal
